
Microsoft Visual Studio Solution File, Format Version 12.00
# Visual Studio Version 17
VisualStudioVersion = 17.1.32328.378
MinimumVisualStudioVersion = 10.0.40219.1
Project("{FAE04EC0-301F-11D3-BF4B-00C04F79EFBC}") = "Less04.Makarov", "Less04.Makarov\Less04.Makarov.csproj", "{A9E4D632-9403-4061-A59B-B1FA3964EDD1}"
EndProject
Project("{FAE04EC0-301F-11D3-BF4B-00C04F79EFBC}") = "Less04.Khmyl", "Less04.Khmyl\Less04.Khmyl.csproj", "{4A177B77-9661-4844-B93D-4D0315AE607A}"
EndProject
Global
	GlobalSection(SolutionConfigurationPlatforms) = preSolution
		Debug|Any CPU = Debug|Any CPU
		Release|Any CPU = Release|Any CPU
	EndGlobalSection
	GlobalSection(ProjectConfigurationPlatforms) = postSolution
		{A9E4D632-9403-4061-A59B-B1FA3964EDD1}.Debug|Any CPU.ActiveCfg = Debug|Any CPU
		{A9E4D632-9403-4061-A59B-B1FA3964EDD1}.Debug|Any CPU.Build.0 = Debug|Any CPU
		{A9E4D632-9403-4061-A59B-B1FA3964EDD1}.Release|Any CPU.ActiveCfg = Release|Any CPU
		{A9E4D632-9403-4061-A59B-B1FA3964EDD1}.Release|Any CPU.Build.0 = Release|Any CPU
	EndGlobalSection
	GlobalSection(SolutionConfigurationPlatforms) = preSolution
		Debug|Any CPU = Debug|Any CPU
		Release|Any CPU = Release|Any CPU
	EndGlobalSection
	GlobalSection(ProjectConfigurationPlatforms) = postSolution
		{4A177B77-9661-4844-B93D-4D0315AE607A}.Debug|Any CPU.ActiveCfg = Debug|Any CPU
		{4A177B77-9661-4844-B93D-4D0315AE607A}.Debug|Any CPU.Build.0 = Debug|Any CPU
		{4A177B77-9661-4844-B93D-4D0315AE607A}.Release|Any CPU.ActiveCfg = Release|Any CPU
		{4A177B77-9661-4844-B93D-4D0315AE607A}.Release|Any CPU.Build.0 = Release|Any CPU
	EndGlobalSection
	GlobalSection(SolutionProperties) = preSolution
		HideSolutionNode = FALSE
	EndGlobalSection
	GlobalSection(ExtensibilityGlobals) = postSolution
		SolutionGuid = {762A9F30-1D83-4A12-819E-1173CA6EE14B}
	EndGlobalSection
EndGlobal
